<?xml version="1.0" encoding="utf-8"?>
<Project ToolsVersion="4.0" xmlns="http://schemas.microsoft.com/developer/msbuild/2003">
  <ItemGroup>
    <Filter Include="Source Files">
      <UniqueIdentifier>{b0421158-f6a7-4730-bab2-d5cc8c3c587f}</UniqueIdentifier>
      <Extensions>cpp;c;cxx;rc;def;r;odl;idl;hpj;bat</Extensions>
    </Filter>
    <Filter Include="Header Files">
      <UniqueIdentifier>{a2b6aa83-17d7-457b-bb30-d1cf45244056}</UniqueIdentifier>
      <Extensions>h;hpp;hxx;hm;inl</Extensions>
    </Filter>
    <Filter Include="include">
      <UniqueIdentifier>{02435700-b3a8-40f9-8acb-9712da5d8b50}</UniqueIdentifier>
    </Filter>
  </ItemGroup>
  <ItemGroup>
    <ClCompile Include="..\squirrel\sqapi.cpp">
      <Filter>Source Files</Filter>
    </ClCompile>
    <ClCompile Include="..\squirrel\sqbaselib.cpp">
      <Filter>Source Files</Filter>
    </ClCompile>
    <ClCompile Include="..\squirrel\sqclass.cpp">
      <Filter>Source Files</Filter>
    </ClCompile>
    <ClCompile Include="..\squirrel\sqcompiler.cpp">
      <Filter>Source Files</Filter>
    </ClCompile>
    <ClCompile Include="..\squirrel\sqdebug.cpp">
      <Filter>Source Files</Filter>
    </ClCompile>
    <ClCompile Include="..\squirrel\sqfuncstate.cpp">
      <Filter>Source Files</Filter>
    </ClCompile>
    <ClCompile Include="..\squirrel\sqlexer.cpp">
      <Filter>Source Files</Filter>
    </ClCompile>
    <ClCompile Include="..\squirrel\sqmem.cpp">
      <Filter>Source Files</Filter>
    </ClCompile>
    <ClCompile Include="..\squirrel\sqobject.cpp">
      <Filter>Source Files</Filter>
    </ClCompile>
    <ClCompile Include="..\squirrel\sqstate.cpp">
      <Filter>Source Files</Filter>
    </ClCompile>
    <ClCompile Include="..\squirrel\sqtable.cpp">
      <Filter>Source Files</Filter>
    </ClCompile>
    <ClCompile Include="..\squirrel\sqvm.cpp">
      <Filter>Source Files</Filter>
    </ClCompile>
  </ItemGroup>
  <ItemGroup>
    <ClInclude Include="..\squirrel\sqarray.h">
      <Filter>Header Files</Filter>
    </ClInclude>
    <ClInclude Include="..\squirrel\sqclass.h">
      <Filter>Header Files</Filter>
    </ClInclude>
    <ClInclude Include="..\squirrel\sqclosure.h">
      <Filter>Header Files</Filter>
    </ClInclude>
    <ClInclude Include="..\squirrel\sqcompiler.h">
      <Filter>Header Files</Filter>
    </ClInclude>
    <ClInclude Include="..\squirrel\sqfuncproto.h">
      <Filter>Header Files</Filter>
    </ClInclude>
    <ClInclude Include="..\squirrel\sqfuncstate.h">
      <Filter>Header Files</Filter>
    </ClInclude>
    <ClInclude Include="..\squirrel\sqlexer.h">
      <Filter>Header Files</Filter>
    </ClInclude>
    <ClInclude Include="..\squirrel\sqobject.h">
      <Filter>Header Files</Filter>
    </ClInclude>
    <ClInclude Include="..\squirrel\sqopcodes.h">
      <Filter>Header Files</Filter>
    </ClInclude>
    <ClInclude Include="..\squirrel\sqpcheader.h">
      <Filter>Header Files</Filter>
    </ClInclude>
    <ClInclude Include="..\squirrel\sqstate.h">
      <Filter>Header Files</Filter>
    </ClInclude>
    <ClInclude Include="..\squirrel\sqstring.h">
      <Filter>Header Files</Filter>
    </ClInclude>
    <ClInclude Include="..\squirrel\sqtable.h">
      <Filter>Header Files</Filter>
    </ClInclude>
    <ClInclude Include="..\squirrel\squserdata.h">
      <Filter>Header Files</Filter>
    </ClInclude>
    <ClInclude Include="..\squirrel\squtils.h">
      <Filter>Header Files</Filter>
    </ClInclude>
    <ClInclude Include="..\squirrel\sqvm.h">
      <Filter>Header Files</Filter>
    </ClInclude>
    <ClInclude Include="..\include\squirrel.h">
      <Filter>include</Filter>
    </ClInclude>
    <ClInclude Include="..\include\sqconfig.h">
      <Filter>include</Filter>
    </ClInclude>
  </ItemGroup>
</Project>